// !$*UTF8*$!
{
	archiveVersion = 1;
	classes = {
	};
	objectVersion = 55;
	objects = {

/* Begin PBXBuildFile section */
		9728257227DA4C4C00877BB4 /* RealmWithSwiftUIApp.swift in Sources */ = {isa = PBXBuildFile; fileRef = 9728257127DA4C4C00877BB4 /* RealmWithSwiftUIApp.swift */; };
		9728257427DA4C4C00877BB4 /* MainView.swift in Sources */ = {isa = PBXBuildFile; fileRef = 9728257327DA4C4C00877BB4 /* MainView.swift */; };
		9728257627DA4C4D00877BB4 /* Assets.xcassets in Resources */ = {isa = PBXBuildFile; fileRef = 9728257527DA4C4D00877BB4 /* Assets.xcassets */; };
		9728257927DA4C4D00877BB4 /* Preview Assets.xcassets in Resources */ = {isa = PBXBuildFile; fileRef = 9728257827DA4C4D00877BB4 /* Preview Assets.xcassets */; };
		9728258627DA4F6500877BB4 /* Favroutes.swift in Sources */ = {isa = PBXBuildFile; fileRef = 9728258527DA4F6500877BB4 /* Favroutes.swift */; };
		9728258927DA555000877BB4 /* Realm in Frameworks */ = {isa = PBXBuildFile; productRef = 9728258827DA555000877BB4 /* Realm */; };
		9728258B27DA555000877BB4 /* RealmSwift in Frameworks */ = {isa = PBXBuildFile; productRef = 9728258A27DA555000877BB4 /* RealmSwift */; };
		9728259027DABF5200877BB4 /* FavroutesViewModel.swift in Sources */ = {isa = PBXBuildFile; fileRef = 9728258F27DABF5200877BB4 /* FavroutesViewModel.swift */; };
		9728259227DACD4200877BB4 /* AddFavroutesView.swift in Sources */ = {isa = PBXBuildFile; fileRef = 9728259127DACD4200877BB4 /* AddFavroutesView.swift */; };
/* End PBXBuildFile section */

/* Begin PBXFileReference section */
		9728256E27DA4C4C00877BB4 /* RealmWithSwiftUI.app */ = {isa = PBXFileReference; explicitFileType = wrapper.application; includeInIndex = 0; path = RealmWithSwiftUI.app; sourceTree = BUILT_PRODUCTS_DIR; };
		9728257127DA4C4C00877BB4 /* RealmWithSwiftUIApp.swift */ = {isa = PBXFileReference; lastKnownFileType = sourcecode.swift; path = RealmWithSwiftUIApp.swift; sourceTree = "<group>"; };
		9728257327DA4C4C00877BB4 /* MainView.swift */ = {isa = PBXFileReference; lastKnownFileType = sourcecode.swift; path = MainView.swift; sourceTree = "<group>"; };
		9728257527DA4C4D00877BB4 /* Assets.xcassets */ = {isa = PBXFileReference; lastKnownFileType = folder.assetcatalog; path = Assets.xcassets; sourceTree = "<group>"; };
		9728257827DA4C4D00877BB4 /* Preview Assets.xcassets */ = {isa = PBXFileReference; lastKnownFileType = folder.assetcatalog; path = "Preview Assets.xcassets"; sourceTree = "<group>"; };
		9728258527DA4F6500877BB4 /* Favroutes.swift */ = {isa = PBXFileReference; lastKnownFileType = sourcecode.swift; path = Favroutes.swift; sourceTree = "<group>"; };
		9728258F27DABF5200877BB4 /* FavroutesViewModel.swift */ = {isa = PBXFileReference; lastKnownFileType = sourcecode.swift; path = FavroutesViewModel.swift; sourceTree = "<group>"; };
		9728259127DACD4200877BB4 /* AddFavroutesView.swift */ = {isa = PBXFileReference; lastKnownFileType = sourcecode.swift; path = AddFavroutesView.swift; sourceTree = "<group>"; };
/* End PBXFileReference section */

/* Begin PBXFrameworksBuildPhase section */
		9728256B27DA4C4C00877BB4 /* Frameworks */ = {
			isa = PBXFrameworksBuildPhase;
			buildActionMask = 2147483647;
			files = (
				9728258B27DA555000877BB4 /* RealmSwift in Frameworks */,
				9728258927DA555000877BB4 /* Realm in Frameworks */,
			);
			runOnlyForDeploymentPostprocessing = 0;
		};
/* End PBXFrameworksBuildPhase section */

/* Begin PBXGroup section */
		9728256527DA4C4C00877BB4 = {
			isa = PBXGroup;
			children = (
				9728257027DA4C4C00877BB4 /* RealmWithSwiftUI */,
				9728256F27DA4C4C00877BB4 /* Products */,
			);
			sourceTree = "<group>";
		};
		9728256F27DA4C4C00877BB4 /* Products */ = {
			isa = PBXGroup;
			children = (
				9728256E27DA4C4C00877BB4 /* RealmWithSwiftUI.app */,
			);
			name = Products;
			sourceTree = "<group>";
		};
		9728257027DA4C4C00877BB4 /* RealmWithSwiftUI */ = {
			isa = PBXGroup;
			children = (
				9728258E27DABF3A00877BB4 /* ViewModel */,
				9728258D27DAB71D00877BB4 /* Model */,
				9728258C27DAB71500877BB4 /* View */,
				9728257127DA4C4C00877BB4 /* RealmWithSwiftUIApp.swift */,
				9728257527DA4C4D00877BB4 /* Assets.xcassets */,
				9728257727DA4C4D00877BB4 /* Preview Content */,
			);
			path = RealmWithSwiftUI;
			sourceTree = "<group>";
		};
		9728257727DA4C4D00877BB4 /* Preview Content */ = {
			isa = PBXGroup;
			children = (
				9728257827DA4C4D00877BB4 /* Preview Assets.xcassets */,
			);
			path = "Preview Content";
			sourceTree = "<group>";
		};
		9728258C27DAB71500877BB4 /* View */ = {
			isa = PBXGroup;
			children = (
				9728257327DA4C4C00877BB4 /* MainView.swift */,
				9728259127DACD4200877BB4 /* AddFavroutesView.swift */,
			);
			path = View;
			sourceTree = "<group>";
		};
		9728258D27DAB71D00877BB4 /* Model */ = {
			isa = PBXGroup;
			children = (
				9728258527DA4F6500877BB4 /* Favroutes.swift */,
			);
			path = Model;
			sourceTree = "<group>";
		};
		9728258E27DABF3A00877BB4 /* ViewModel */ = {
			isa = PBXGroup;
			children = (
				9728258F27DABF5200877BB4 /* FavroutesViewModel.swift */,
			);
			path = ViewModel;
			sourceTree = "<group>";
		};
/* End PBXGroup section */

/* Begin PBXNativeTarget section */
		9728256D27DA4C4C00877BB4 /* RealmWithSwiftUI */ = {
			isa = PBXNativeTarget;
			buildConfigurationList = 9728257C27DA4C4D00877BB4 /* Build configuration list for PBXNativeTarget "RealmWithSwiftUI" */;
			buildPhases = (
				9728256A27DA4C4C00877BB4 /* Sources */,
				9728256B27DA4C4C00877BB4 /* Frameworks */,
				9728256C27DA4C4C00877BB4 /* Resources */,
			);
			buildRules = (
			);
			dependencies = (
			);
			name = RealmWithSwiftUI;
			packageProductDependencies = (
				9728258827DA555000877BB4 /* Realm */,
				9728258A27DA555000877BB4 /* RealmSwift */,
			);
			productName = RealmWithSwiftUI;
			productReference = 9728256E27DA4C4C00877BB4 /* RealmWithSwiftUI.app */;
			productType = "com.apple.product-type.application";
		};
/* End PBXNativeTarget section */

/* Begin PBXProject section */
		9728256627DA4C4C00877BB4 /* Project object */ = {
			isa = PBXProject;
			attributes = {
				BuildIndependentTargetsInParallel = 1;
				LastSwiftUpdateCheck = 1320;
				LastUpgradeCheck = 1320;
				TargetAttributes = {
					9728256D27DA4C4C00877BB4 = {
						CreatedOnToolsVersion = 13.2.1;
					};
				};
			};
			buildConfigurationList = 9728256927DA4C4C00877BB4 /* Build configuration list for PBXProject "RealmWithSwiftUI" */;
			compatibilityVersion = "Xcode 13.0";
			developmentRegion = en;
			hasScannedForEncodings = 0;
			knownRegions = (
				en,
				Base,
			);
			mainGroup = 9728256527DA4C4C00877BB4;
			packageReferences = (
				9728258727DA555000877BB4 /* XCRemoteSwiftPackageReference "realm-swift" */,
			);
			productRefGroup = 9728256F27DA4C4C00877BB4 /* Products */;
			projectDirPath = "";
			projectRoot = "";
			targets = (
				9728256D27DA4C4C00877BB4 /* RealmWithSwiftUI */,
			);
		};
/* End PBXProject section */

/* Begin PBXResourcesBuildPhase section */
		9728256C27DA4C4C00877BB4 /* Resources */ = {
			isa = PBXResourcesBuildPhase;
			buildActionMask = 2147483647;
			files = (
				9728257927DA4C4D00877BB4 /* Preview Assets.xcassets in Resources */,
				9728257627DA4C4D00877BB4 /* Assets.xcassets in Resources */,
			);
			runOnlyForDeploymentPostprocessing = 0;
		};
/* End PBXResourcesBuildPhase section */

/* Begin PBXSourcesBuildPhase section */
		9728256A27DA4C4C00877BB4 /* Sources */ = {
			isa = PBXSourcesBuildPhase;
			buildActionMask = 2147483647;
			files = (
				9728258627DA4F6500877BB4 /* Favroutes.swift in Sources */,
				9728257427DA4C4C00877BB4 /* MainView.swift in Sources */,
				9728259227DACD4200877BB4 /* AddFavroutesView.swift in Sources */,
				9728259027DABF5200877BB4 /* FavroutesViewModel.swift in Sources */,
				9728257227DA4C4C00877BB4 /* RealmWithSwiftUIApp.swift in Sources */,
			);
			runOnlyForDeploymentPostprocessing = 0;
		};
/* End PBXSourcesBuildPhase section */

/* Begin XCBuildConfiguration section */
		9728257A27DA4C4D00877BB4 /* Debug */ = {
			isa = XCBuildConfiguration;
			buildSettings = {
				ALWAYS_SEARCH_USER_PATHS = NO;
				CLANG_ANALYZER_NONNULL = YES;
				CLANG_ANALYZER_NUMBER_OBJECT_CONVERSION = YES_AGGRESSIVE;
				CLANG_CXX_LANGUAGE_STANDARD = "gnu++17";
				CLANG_CXX_LIBRARY = "libc++";
				CLANG_ENABLE_MODULES = YES;
				CLANG_ENABLE_OBJC_ARC = YES;
				CLANG_ENABLE_OBJC_WEAK = YES;
				CLANG_WARN_BLOCK_CAPTURE_AUTORELEASING = YES;
				CLANG_WARN_BOOL_CONVERSION = YES;
				CLANG_WARN_COMMA = YES;
				CLANG_WARN_CONSTANT_CONVERSION = YES;
				CLANG_WARN_DEPRECATED_OBJC_IMPLEMENTATIONS = YES;
				CLANG_WARN_DIRECT_OBJC_ISA_USAGE = YES_ERROR;
				CLANG_WARN_DOCUMENTATION_COMMENTS = YES;
				CLANG_WARN_EMPTY_BODY = YES;
				CLANG_WARN_ENUM_CONVERSION = YES;
				CLANG_WARN_INFINITE_RECURSION = YES;
				CLANG_WARN_INT_CONVERSION = YES;
				CLANG_WARN_NON_LITERAL_NULL_CONVERSION = YES;
				CLANG_WARN_OBJC_IMPLICIT_RETAIN_SELF = YES;
				CLANG_WARN_OBJC_LITERAL_CONVERSION = YES;
				CLANG_WARN_OBJC_ROOT_CLASS = YES_ERROR;
				CLANG_WARN_QUOTED_INCLUDE_IN_FRAMEWORK_HEADER = YES;
				CLANG_WARN_RANGE_LOOP_ANALYSIS = YES;
				CLANG_WARN_STRICT_PROTOTYPES = YES;
				CLANG_WARN_SUSPICIOUS_MOVE = YES;
				CLANG_WARN_UNGUARDED_AVAILABILITY = YES_AGGRESSIVE;
				CLANG_WARN_UNREACHABLE_CODE = YES;
				CLANG_WARN__DUPLICATE_METHOD_MATCH = YES;
				COPY_PHASE_STRIP = NO;
				DEBUG_INFORMATION_FORMAT = dwarf;
				ENABLE_STRICT_OBJC_MSGSEND = YES;
				ENABLE_TESTABILITY = YES;
				GCC_C_LANGUAGE_STANDARD = gnu11;
				GCC_DYNAMIC_NO_PIC = NO;
				GCC_NO_COMMON_BLOCKS = YES;
				GCC_OPTIMIZATION_LEVEL = 0;
				GCC_PREPROCESSOR_DEFINITIONS = (
					"DEBUG=1",
					"$(inherited)",
				);
				GCC_WARN_64_TO_32_BIT_CONVERSION = YES;
				GCC_WARN_ABOUT_RETURN_TYPE = YES_ERROR;
				GCC_WARN_UNDECLARED_SELECTOR = YES;
				GCC_WARN_UNINITIALIZED_AUTOS = YES_AGGRESSIVE;
				GCC_WARN_UNUSED_FUNCTION = YES;
				GCC_WARN_UNUSED_VARIABLE = YES;
				IPHONEOS_DEPLOYMENT_TARGET = 15.2;
				MTL_ENABLE_DEBUG_INFO = INCLUDE_SOURCE;
				MTL_FAST_MATH = YES;
				ONLY_ACTIVE_ARCH = YES;
				SDKROOT = iphoneos;
				SWIFT_ACTIVE_COMPILATION_CONDITIONS = DEBUG;
				SWIFT_OPTIMIZATION_LEVEL = "-Onone";
			};
			name = Debug;
		};
		9728257B27DA4C4D00877BB4 /* Release */ = {
			isa = XCBuildConfiguration;
			buildSettings = {
				ALWAYS_SEARCH_USER_PATHS = NO;
				CLANG_ANALYZER_NONNULL = YES;
				CLANG_ANALYZER_NUMBER_OBJECT_CONVERSION = YES_AGGRESSIVE;
				CLANG_CXX_LANGUAGE_STANDARD = "gnu++17";
				CLANG_CXX_LIBRARY = "libc++";
				CLANG_ENABLE_MODULES = YES;
				CLANG_ENABLE_OBJC_ARC = YES;
				CLANG_ENABLE_OBJC_WEAK = YES;
				CLANG_WARN_BLOCK_CAPTURE_AUTORELEASING = YES;
				CLANG_WARN_BOOL_CONVERSION = YES;
				CLANG_WARN_COMMA = YES;
				CLANG_WARN_CONSTANT_CONVERSION = YES;
				CLANG_WARN_DEPRECATED_OBJC_IMPLEMENTATIONS = YES;
				CLANG_WARN_DIRECT_OBJC_ISA_USAGE = YES_ERROR;
				CLANG_WARN_DOCUMENTATION_COMMENTS = YES;
				CLANG_WARN_EMPTY_BODY = YES;
				CLANG_WARN_ENUM_CONVERSION = YES;
				CLANG_WARN_INFINITE_RECURSION = YES;
				CLANG_WARN_INT_CONVERSION = YES;
				CLANG_WARN_NON_LITERAL_NULL_CONVERSION = YES;
				CLANG_WARN_OBJC_IMPLICIT_RETAIN_SELF = YES;
				CLANG_WARN_OBJC_LITERAL_CONVERSION = YES;
				CLANG_WARN_OBJC_ROOT_CLASS = YES_ERROR;
				CLANG_WARN_QUOTED_INCLUDE_IN_FRAMEWORK_HEADER = YES;
				CLANG_WARN_RANGE_LOOP_ANALYSIS = YES;
				CLANG_WARN_STRICT_PROTOTYPES = YES;
				CLANG_WARN_SUSPICIOUS_MOVE = YES;
				CLANG_WARN_UNGUARDED_AVAILABILITY = YES_AGGRESSIVE;
				CLANG_WARN_UNREACHABLE_CODE = YES;
				CLANG_WARN__DUPLICATE_METHOD_MATCH = YES;
				COPY_PHASE_STRIP = NO;
				DEBUG_INFORMATION_FORMAT = "dwarf-with-dsym";
				ENABLE_NS_ASSERTIONS = NO;
				ENABLE_STRICT_OBJC_MSGSEND = YES;
				GCC_C_LANGUAGE_STANDARD = gnu11;
				GCC_NO_COMMON_BLOCKS = YES;
				GCC_WARN_64_TO_32_BIT_CONVERSION = YES;
				GCC_WARN_ABOUT_RETURN_TYPE = YES_ERROR;
				GCC_WARN_UNDECLARED_SELECTOR = YES;
				GCC_WARN_UNINITIALIZED_AUTOS = YES_AGGRESSIVE;
				GCC_WARN_UNUSED_FUNCTION = YES;
				GCC_WARN_UNUSED_VARIABLE = YES;
				IPHONEOS_DEPLOYMENT_TARGET = 15.2;
				MTL_ENABLE_DEBUG_INFO = NO;
				MTL_FAST_MATH = YES;
				SDKROOT = iphoneos;
				SWIFT_COMPILATION_MODE = wholemodule;
				SWIFT_OPTIMIZATION_LEVEL = "-O";
				VALIDATE_PRODUCT = YES;
			};
			name = Release;
		};
		9728257D27DA4C4D00877BB4 /* Debug */ = {
			isa = XCBuildConfiguration;
			buildSettings = {
				ASSETCATALOG_COMPILER_APPICON_NAME = AppIcon;
				ASSETCATALOG_COMPILER_GLOBAL_ACCENT_COLOR_NAME = AccentColor;
				CODE_SIGN_STYLE = Automatic;
				CURRENT_PROJECT_VERSION = 1;
				DEVELOPMENT_ASSET_PATHS = "\"RealmWithSwiftUI/Preview Content\"";
				DEVELOPMENT_TEAM = T749PR32HB;
				ENABLE_PREVIEWS = YES;
				GENERATE_INFOPLIST_FILE = YES;
				INFOPLIST_KEY_UIApplicationSceneManifest_Generation = YES;
				INFOPLIST_KEY_UIApplicationSupportsIndirectInputEvents = YES;
				INFOPLIST_KEY_UILaunchScreen_Generation = YES;
				INFOPLIST_KEY_UISupportedInterfaceOrientations_iPad = "UIInterfaceOrientationPortrait UIInterfaceOrientationPortraitUpsideDown UIInterfaceOrientationLandscapeLeft UIInterfaceOrientationLandscapeRight";
				INFOPLIST_KEY_UISupportedInterfaceOrientations_iPhone = "UIInterfaceOrientationPortrait UIInterfaceOrientationLandscapeLeft UIInterfaceOrientationLandscapeRight";
				LD_RUNPATH_SEARCH_PATHS = (
					"$(inherited)",
					"@executable_path/Frameworks",
				);
				MARKETING_VERSION = 1.0;
				PRODUCT_BUNDLE_IDENTIFIER = com.rajaygms.RealmWithSwiftUI;
				PRODUCT_NAME = "$(TARGET_NAME)";
				SWIFT_EMIT_LOC_STRINGS = YES;
				SWIFT_VERSION = 5.0;
				TARGETED_DEVICE_FAMILY = "1,2";
			};
			name = Debug;
		};
		9728257E27DA4C4D00877BB4 /* Release */ = {
			isa = XCBuildConfiguration;
			buildSettings = {
				ASSETCATALOG_COMPILER_APPICON_NAME = AppIcon;
				ASSETCATALOG_COMPILER_GLOBAL_ACCENT_COLOR_NAME = AccentColor;
				CODE_SIGN_STYLE = Automatic;
				CURRENT_PROJECT_VERSION = 1;
				DEVELOPMENT_ASSET_PATHS = "\"RealmWithSwiftUI/Preview Content\"";
				DEVELOPMENT_TEAM = T749PR32HB;
				ENABLE_PREVIEWS = YES;
				GENERATE_INFOPLIST_FILE = YES;
				INFOPLIST_KEY_UIApplicationSceneManifest_Generation = YES;
				INFOPLIST_KEY_UIApplicationSupportsIndirectInputEvents = YES;
				INFOPLIST_KEY_UILaunchScreen_Generation = YES;
				INFOPLIST_KEY_UISupportedInterfaceOrientations_iPad = "UIInterfaceOrientationPortrait UIInterfaceOrientationPortraitUpsideDown UIInterfaceOrientationLandscapeLeft UIInterfaceOrientationLandscapeRight";
				INFOPLIST_KEY_UISupportedInterfaceOrientations_iPhone = "UIInterfaceOrientationPortrait UIInterfaceOrientationLandscapeLeft UIInterfaceOrientationLandscapeRight";
				LD_RUNPATH_SEARCH_PATHS = (
					"$(inherited)",
					"@executable_path/Frameworks",
				);
				MARKETING_VERSION = 1.0;
				PRODUCT_BUNDLE_IDENTIFIER = com.rajaygms.RealmWithSwiftUI;
				PRODUCT_NAME = "$(TARGET_NAME)";
				SWIFT_EMIT_LOC_STRINGS = YES;
				SWIFT_VERSION = 5.0;
				TARGETED_DEVICE_FAMILY = "1,2";
			};
			name = Release;
		};
/* End XCBuildConfiguration section */

/* Begin XCConfigurationList section */
		9728256927DA4C4C00877BB4 /* Build configuration list for PBXProject "RealmWithSwiftUI" */ = {
			isa = XCConfigurationList;
			buildConfigurations = (
				9728257A27DA4C4D00877BB4 /* Debug */,
				9728257B27DA4C4D00877BB4 /* Release */,
			);
			defaultConfigurationIsVisible = 0;
			defaultConfigurationName = Release;
		};
		9728257C27DA4C4D00877BB4 /* Build configuration list for PBXNativeTarget "RealmWithSwiftUI" */ = {
			isa = XCConfigurationList;
			buildConfigurations = (
				9728257D27DA4C4D00877BB4 /* Debug */,
				9728257E27DA4C4D00877BB4 /* Release */,
			);
			defaultConfigurationIsVisible = 0;
			defaultConfigurationName = Release;
		};
/* End XCConfigurationList section */

/* Begin XCRemoteSwiftPackageReference section */
		9728258727DA555000877BB4 /* XCRemoteSwiftPackageReference "realm-swift" */ = {
			isa = XCRemoteSwiftPackageReference;
			repositoryURL = "https://github.com/realm/realm-swift";
			requirement = {
				kind = upToNextMajorVersion;
				minimumVersion = 10.19.0;
			};
		};
/* End XCRemoteSwiftPackageReference section */

/* Begin XCSwiftPackageProductDependency section */
		9728258827DA555000877BB4 /* Realm */ = {
			isa = XCSwiftPackageProductDependency;
			package = 9728258727DA555000877BB4 /* XCRemoteSwiftPackageReference "realm-swift" */;
			productName = Realm;
		};
		9728258A27DA555000877BB4 /* RealmSwift */ = {
			isa = XCSwiftPackageProductDependency;
			package = 9728258727DA555000877BB4 /* XCRemoteSwiftPackageReference "realm-swift" */;
			productName = RealmSwift;
		};
/* End XCSwiftPackageProductDependency section */
	};
	rootObject = 9728256627DA4C4C00877BB4 /* Project object */;
}
